
Microsoft Visual Studio Solution File, Format Version 12.00
# Visual Studio Version 16
VisualStudioVersion = 16.0.30413.136
MinimumVisualStudioVersion = 10.0.40219.1
Project("{FAE04EC0-301F-11D3-BF4B-00C04F79EFBC}") = "WfTask3.4", "WfTask3.4\WfTask3.4.csproj", "{0923FF0E-9BA4-402B-BB23-ACD6BD6000CA}"
EndProject
Global
	GlobalSection(SolutionConfigurationPlatforms) = preSolution
		Debug|Any CPU = Debug|Any CPU
		Release|Any CPU = Release|Any CPU
	EndGlobalSection
	GlobalSection(ProjectConfigurationPlatforms) = postSolution
		{0923FF0E-9BA4-402B-BB23-ACD6BD6000CA}.Debug|Any CPU.ActiveCfg = Debug|Any CPU
		{0923FF0E-9BA4-402B-BB23-ACD6BD6000CA}.Debug|Any CPU.Build.0 = Debug|Any CPU
		{0923FF0E-9BA4-402B-BB23-ACD6BD6000CA}.Release|Any CPU.ActiveCfg = Release|Any CPU
		{0923FF0E-9BA4-402B-BB23-ACD6BD6000CA}.Release|Any CPU.Build.0 = Release|Any CPU
	EndGlobalSection
	GlobalSection(SolutionProperties) = preSolution
		HideSolutionNode = FALSE
	EndGlobalSection
	GlobalSection(ExtensibilityGlobals) = postSolution
		SolutionGuid = {A14E9891-CBB9-4935-979F-E26A17FF33BD}
	EndGlobalSection
EndGlobal
